
Microsoft Visual Studio Solution File, Format Version 12.00
# Visual Studio Version 16
VisualStudioVersion = 16.0.30907.101
MinimumVisualStudioVersion = 10.0.40219.1
Project("{9A19103F-16F7-4668-BE54-9A1E7A4F7556}") = "HospitalConsole", "Console\HospitalConsole.csproj", "{15247012-9E71-4D63-ABC0-CB8D84C5F0CB}"
EndProject
Project("{9A19103F-16F7-4668-BE54-9A1E7A4F7556}") = "DataModel", "DataModel\DataModel.csproj", "{525C3738-8BC8-448F-9D1F-6A67C3E64ACE}"
EndProject
Global
	GlobalSection(SolutionConfigurationPlatforms) = preSolution
		Debug|Any CPU = Debug|Any CPU
		Release|Any CPU = Release|Any CPU
	EndGlobalSection
	GlobalSection(ProjectConfigurationPlatforms) = postSolution
		{15247012-9E71-4D63-ABC0-CB8D84C5F0CB}.Debug|Any CPU.ActiveCfg = Debug|Any CPU
		{15247012-9E71-4D63-ABC0-CB8D84C5F0CB}.Debug|Any CPU.Build.0 = Debug|Any CPU
		{15247012-9E71-4D63-ABC0-CB8D84C5F0CB}.Release|Any CPU.ActiveCfg = Release|Any CPU
		{15247012-9E71-4D63-ABC0-CB8D84C5F0CB}.Release|Any CPU.Build.0 = Release|Any CPU
		{525C3738-8BC8-448F-9D1F-6A67C3E64ACE}.Debug|Any CPU.ActiveCfg = Debug|Any CPU
		{525C3738-8BC8-448F-9D1F-6A67C3E64ACE}.Debug|Any CPU.Build.0 = Debug|Any CPU
		{525C3738-8BC8-448F-9D1F-6A67C3E64ACE}.Release|Any CPU.ActiveCfg = Release|Any CPU
		{525C3738-8BC8-448F-9D1F-6A67C3E64ACE}.Release|Any CPU.Build.0 = Release|Any CPU
	EndGlobalSection
	GlobalSection(SolutionProperties) = preSolution
		HideSolutionNode = FALSE
	EndGlobalSection
	GlobalSection(ExtensibilityGlobals) = postSolution
		SolutionGuid = {0413BF20-E55F-4199-837E-AB881AADEF35}
	EndGlobalSection
EndGlobal
